# THIS IS AN AUTOGENERATED FILE. DO NOT EDIT THIS FILE DIRECTLY.
# yarn lockfile v1


cable_ready@4.4.4:
  version "4.4.4"
  resolved "https://registry.yarnpkg.com/cable_ready/-/cable_ready-4.4.4.tgz#37c490368813334d390ef287eb0518fe9f6d66a0"
  integrity sha512-yJVQgRa4ojIOZGnxPBh+EXxii+XXNylCCuOXO8OG3l5PCApQAT3SxXmlsgunTET9U/0Z8LUTVoN226u9jWSiaw==
  dependencies:
    morphdom "^2.6.1"

morphdom@^2.6.1:
  version "2.6.1"
  resolved "https://registry.yarnpkg.com/morphdom/-/morphdom-2.6.1.tgz#e868e24f989fa3183004b159aed643e628b4306e"
  integrity sha512-Y8YRbAEP3eKykroIBWrjcfMw7mmwJfjhqdpSvoqinu8Y702nAwikpXcNFDiIkyvfCLxLM9Wu95RZqo4a9jFBaA==
